
Microsoft Visual Studio Solution File, Format Version 12.00
# Visual Studio Version 17
VisualStudioVersion = 17.11.35208.52
MinimumVisualStudioVersion = 10.0.40219.1
Project("{FAE04EC0-301F-11D3-BF4B-00C04F79EFBC}") = "EvermoreBakery", "EvermoreBakery\EvermoreBakery.csproj", "{C645FB1A-1A66-4AE9-840B-885D356C14B0}"
EndProject
Global
	GlobalSection(SolutionConfigurationPlatforms) = preSolution
		Debug|Any CPU = Debug|Any CPU
		Release|Any CPU = Release|Any CPU
	EndGlobalSection
	GlobalSection(ProjectConfigurationPlatforms) = postSolution
		{C645FB1A-1A66-4AE9-840B-885D356C14B0}.Debug|Any CPU.ActiveCfg = Debug|Any CPU
		{C645FB1A-1A66-4AE9-840B-885D356C14B0}.Debug|Any CPU.Build.0 = Debug|Any CPU
		{C645FB1A-1A66-4AE9-840B-885D356C14B0}.Release|Any CPU.ActiveCfg = Release|Any CPU
		{C645FB1A-1A66-4AE9-840B-885D356C14B0}.Release|Any CPU.Build.0 = Release|Any CPU
	EndGlobalSection
	GlobalSection(SolutionProperties) = preSolution
		HideSolutionNode = FALSE
	EndGlobalSection
	GlobalSection(ExtensibilityGlobals) = postSolution
		SolutionGuid = {67ECF51C-7234-42E6-93DA-B67F59CA0E6F}
	EndGlobalSection
EndGlobal
